# This file was autogenerated by Stack.
# You should not edit this file by hand.
# For more information, please see the documentation at:
#   https://docs.haskellstack.org/en/stable/lock_files

packages:
- completed:
    hackage: random-string-0.1.0.1@sha256:3f7722e2ab1448977a895f9df3f95e0dc784d34d9cdc240249a8072d4a9516f5,1127
    pantry-tree:
      size: 275
      sha256: 3af5c59bfceca3c05c22ca280cf35f709deb28dd4dbc62d264329757f5e83816
  original:
    hackage: random-string-0.1.0.1@sha256:3f7722e2ab1448977a895f9df3f95e0dc784d34d9cdc240249a8072d4a9516f5,1127
- completed:
    hackage: base58-bytestring-0.1.0@sha256:a1da72ee89d5450bac1c792d9fcbe95ed7154ab7246f2172b57bd4fd9b5eab79,1913
    pantry-tree:
      size: 419
      sha256: 053784f8edef6433518c873a7c502dc75348f812e2384e1306f90467ea54f40b
  original:
    hackage: base58-bytestring-0.1.0@sha256:a1da72ee89d5450bac1c792d9fcbe95ed7154ab7246f2172b57bd4fd9b5eab79,1913
snapshots:
- completed:
    size: 531932
    url: https://raw.githubusercontent.com/commercialhaskell/stackage-snapshots/master/lts/16/7.yaml
    sha256: 96ceeddd4fd68b2d430f7695a12eadefee760b7034c88c75d99d0f380f483068
  original: lts-16.7
